
Microsoft Visual Studio Solution File, Format Version 12.00
# Visual Studio Version 16
VisualStudioVersion = 16.0.33927.289
MinimumVisualStudioVersion = 10.0.40219.1
Project("{FAE04EC0-301F-11D3-BF4B-00C04F79EFBC}") = "for", "for\for.csproj", "{672D51EC-62C0-4739-AA05-B5C033635832}"
EndProject
Global
	GlobalSection(SolutionConfigurationPlatforms) = preSolution
		Debug|Any CPU = Debug|Any CPU
		Release|Any CPU = Release|Any CPU
	EndGlobalSection
	GlobalSection(ProjectConfigurationPlatforms) = postSolution
		{672D51EC-62C0-4739-AA05-B5C033635832}.Debug|Any CPU.ActiveCfg = Debug|Any CPU
		{672D51EC-62C0-4739-AA05-B5C033635832}.Debug|Any CPU.Build.0 = Debug|Any CPU
		{672D51EC-62C0-4739-AA05-B5C033635832}.Release|Any CPU.ActiveCfg = Release|Any CPU
		{672D51EC-62C0-4739-AA05-B5C033635832}.Release|Any CPU.Build.0 = Release|Any CPU
	EndGlobalSection
	GlobalSection(SolutionProperties) = preSolution
		HideSolutionNode = FALSE
	EndGlobalSection
	GlobalSection(ExtensibilityGlobals) = postSolution
		SolutionGuid = {34C51F06-5BEF-4325-8C8E-1F0611BD301F}
	EndGlobalSection
EndGlobal
